// !$*UTF8*$!
{
	archiveVersion = 1;
	classes = {
	};
	objectVersion = 55;
	objects = {

/* Begin PBXBuildFile section */
		1FFA3D9C35931AB913C55680 /* Pods_ExameniOSGHRLTests.framework in Frameworks */ = {isa = PBXBuildFile; fileRef = 35B7611C685BCA89E22F7334 /* Pods_ExameniOSGHRLTests.framework */; };
		9A531BB3284176FA00A15F11 /* ExameniOSGHRLApp.swift in Sources */ = {isa = PBXBuildFile; fileRef = 9A531BB2284176FA00A15F11 /* ExameniOSGHRLApp.swift */; };
		9A531BB5284176FA00A15F11 /* ContentView.swift in Sources */ = {isa = PBXBuildFile; fileRef = 9A531BB4284176FA00A15F11 /* ContentView.swift */; };
		9A531BB72841770100A15F11 /* Assets.xcassets in Resources */ = {isa = PBXBuildFile; fileRef = 9A531BB62841770100A15F11 /* Assets.xcassets */; };
		9A531BBA2841770100A15F11 /* Preview Assets.xcassets in Resources */ = {isa = PBXBuildFile; fileRef = 9A531BB92841770100A15F11 /* Preview Assets.xcassets */; };
		9A531BC42841770100A15F11 /* ExameniOSGHRLTests.swift in Sources */ = {isa = PBXBuildFile; fileRef = 9A531BC32841770100A15F11 /* ExameniOSGHRLTests.swift */; };
		9A531BCE2841770100A15F11 /* ExameniOSGHRLUITests.swift in Sources */ = {isa = PBXBuildFile; fileRef = 9A531BCD2841770100A15F11 /* ExameniOSGHRLUITests.swift */; };
		9A531BD02841770100A15F11 /* ExameniOSGHRLUITestsLaunchTests.swift in Sources */ = {isa = PBXBuildFile; fileRef = 9A531BCF2841770100A15F11 /* ExameniOSGHRLUITestsLaunchTests.swift */; };
		9A531BDE2841776F00A15F11 /* MainTable.swift in Sources */ = {isa = PBXBuildFile; fileRef = 9A531BDD2841776F00A15F11 /* MainTable.swift */; };
		9A531BDF2841776F00A15F11 /* MainTable.swift in Sources */ = {isa = PBXBuildFile; fileRef = 9A531BDD2841776F00A15F11 /* MainTable.swift */; };
		9A531BE1284196B600A15F11 /* MainTableViewModel.swift in Sources */ = {isa = PBXBuildFile; fileRef = 9A531BE0284196B600A15F11 /* MainTableViewModel.swift */; };
		9A531BE2284196B600A15F11 /* MainTableViewModel.swift in Sources */ = {isa = PBXBuildFile; fileRef = 9A531BE0284196B600A15F11 /* MainTableViewModel.swift */; };
		9A531BE428419C2600A15F11 /* Permissions.swift in Sources */ = {isa = PBXBuildFile; fileRef = 9A531BE328419C2600A15F11 /* Permissions.swift */; };
		9A531BE528419C2600A15F11 /* Permissions.swift in Sources */ = {isa = PBXBuildFile; fileRef = 9A531BE328419C2600A15F11 /* Permissions.swift */; };
		9A531BE72841B28800A15F11 /* GoogleService-Info.plist in Resources */ = {isa = PBXBuildFile; fileRef = 9A531BE62841B28800A15F11 /* GoogleService-Info.plist */; };
		F36EA8A52842FFEB00CBE4DC /* Extensions.swift in Sources */ = {isa = PBXBuildFile; fileRef = F36EA8A42842FFEB00CBE4DC /* Extensions.swift */; };
		F36EA8A62842FFEB00CBE4DC /* Extensions.swift in Sources */ = {isa = PBXBuildFile; fileRef = F36EA8A42842FFEB00CBE4DC /* Extensions.swift */; };
		F36EA8A92843011700CBE4DC /* RealTimeDatabase.swift in Sources */ = {isa = PBXBuildFile; fileRef = F36EA8A82843011700CBE4DC /* RealTimeDatabase.swift */; };
		F36EA8AA2843011700CBE4DC /* RealTimeDatabase.swift in Sources */ = {isa = PBXBuildFile; fileRef = F36EA8A82843011700CBE4DC /* RealTimeDatabase.swift */; };
		F36EA8AC284302CF00CBE4DC /* CameraManager.swift in Sources */ = {isa = PBXBuildFile; fileRef = F36EA8AB284302CF00CBE4DC /* CameraManager.swift */; };
		F36EA8AD284302CF00CBE4DC /* CameraManager.swift in Sources */ = {isa = PBXBuildFile; fileRef = F36EA8AB284302CF00CBE4DC /* CameraManager.swift */; };
		F36EA8AF2843034100CBE4DC /* MainTableCells.swift in Sources */ = {isa = PBXBuildFile; fileRef = F36EA8AE2843034100CBE4DC /* MainTableCells.swift */; };
		F36EA8B02843034100CBE4DC /* MainTableCells.swift in Sources */ = {isa = PBXBuildFile; fileRef = F36EA8AE2843034100CBE4DC /* MainTableCells.swift */; };
		F36EA8B32843604000CBE4DC /* UsersModel.swift in Sources */ = {isa = PBXBuildFile; fileRef = F36EA8B22843604000CBE4DC /* UsersModel.swift */; };
		F36EA8B42843604000CBE4DC /* UsersModel.swift in Sources */ = {isa = PBXBuildFile; fileRef = F36EA8B22843604000CBE4DC /* UsersModel.swift */; };
		F36EA8B62843606200CBE4DC /* UsersView.swift in Sources */ = {isa = PBXBuildFile; fileRef = F36EA8B52843606200CBE4DC /* UsersView.swift */; };
		F36EA8B72843606200CBE4DC /* UsersView.swift in Sources */ = {isa = PBXBuildFile; fileRef = F36EA8B52843606200CBE4DC /* UsersView.swift */; };
		F36EA8B92843608400CBE4DC /* UsersViewModel.swift in Sources */ = {isa = PBXBuildFile; fileRef = F36EA8B82843608400CBE4DC /* UsersViewModel.swift */; };
		F36EA8BA2843608400CBE4DC /* UsersViewModel.swift in Sources */ = {isa = PBXBuildFile; fileRef = F36EA8B82843608400CBE4DC /* UsersViewModel.swift */; };
		F42859C08454FB3E2952B2E4 /* Pods_ExameniOSGHRL.framework in Frameworks */ = {isa = PBXBuildFile; fileRef = E7F8E12EA2E69A74BA93E3B7 /* Pods_ExameniOSGHRL.framework */; };
		F6C5C79034AC5871558E9CEF /* Pods_ExameniOSGHRL_ExameniOSGHRLUITests.framework in Frameworks */ = {isa = PBXBuildFile; fileRef = BFA07ED2B1E91BCB77FE6BC8 /* Pods_ExameniOSGHRL_ExameniOSGHRLUITests.framework */; };
/* End PBXBuildFile section */

/* Begin PBXContainerItemProxy section */
		9A531BC02841770100A15F11 /* PBXContainerItemProxy */ = {
			isa = PBXContainerItemProxy;
			containerPortal = 9A531BA7284176FA00A15F11 /* Project object */;
			proxyType = 1;
			remoteGlobalIDString = 9A531BAE284176FA00A15F11;
			remoteInfo = ExameniOSGHRL;
		};
		9A531BCA2841770100A15F11 /* PBXContainerItemProxy */ = {
			isa = PBXContainerItemProxy;
			containerPortal = 9A531BA7284176FA00A15F11 /* Project object */;
			proxyType = 1;
			remoteGlobalIDString = 9A531BAE284176FA00A15F11;
			remoteInfo = ExameniOSGHRL;
		};
/* End PBXContainerItemProxy section */

/* Begin PBXFileReference section */
		147C88085BDC20AB84070C89 /* Pods-ExameniOSGHRL-ExameniOSGHRLUITests.debug.xcconfig */ = {isa = PBXFileReference; includeInIndex = 1; lastKnownFileType = text.xcconfig; name = "Pods-ExameniOSGHRL-ExameniOSGHRLUITests.debug.xcconfig"; path = "Target Support Files/Pods-ExameniOSGHRL-ExameniOSGHRLUITests/Pods-ExameniOSGHRL-ExameniOSGHRLUITests.debug.xcconfig"; sourceTree = "<group>"; };
		35B7611C685BCA89E22F7334 /* Pods_ExameniOSGHRLTests.framework */ = {isa = PBXFileReference; explicitFileType = wrapper.framework; includeInIndex = 0; path = Pods_ExameniOSGHRLTests.framework; sourceTree = BUILT_PRODUCTS_DIR; };
		777B0176582FD31B3D61CEE6 /* Pods-ExameniOSGHRL.release.xcconfig */ = {isa = PBXFileReference; includeInIndex = 1; lastKnownFileType = text.xcconfig; name = "Pods-ExameniOSGHRL.release.xcconfig"; path = "Target Support Files/Pods-ExameniOSGHRL/Pods-ExameniOSGHRL.release.xcconfig"; sourceTree = "<group>"; };
		78CC134C137372914E8B78AA /* Pods-ExameniOSGHRLTests.debug.xcconfig */ = {isa = PBXFileReference; includeInIndex = 1; lastKnownFileType = text.xcconfig; name = "Pods-ExameniOSGHRLTests.debug.xcconfig"; path = "Target Support Files/Pods-ExameniOSGHRLTests/Pods-ExameniOSGHRLTests.debug.xcconfig"; sourceTree = "<group>"; };
		7BBE19C05023A8B2E3BB4161 /* Pods-ExameniOSGHRLTests.release.xcconfig */ = {isa = PBXFileReference; includeInIndex = 1; lastKnownFileType = text.xcconfig; name = "Pods-ExameniOSGHRLTests.release.xcconfig"; path = "Target Support Files/Pods-ExameniOSGHRLTests/Pods-ExameniOSGHRLTests.release.xcconfig"; sourceTree = "<group>"; };
		9A531BAF284176FA00A15F11 /* ExameniOSGHRL.app */ = {isa = PBXFileReference; explicitFileType = wrapper.application; includeInIndex = 0; path = ExameniOSGHRL.app; sourceTree = BUILT_PRODUCTS_DIR; };
		9A531BB2284176FA00A15F11 /* ExameniOSGHRLApp.swift */ = {isa = PBXFileReference; lastKnownFileType = sourcecode.swift; path = ExameniOSGHRLApp.swift; sourceTree = "<group>"; };
		9A531BB4284176FA00A15F11 /* ContentView.swift */ = {isa = PBXFileReference; lastKnownFileType = sourcecode.swift; path = ContentView.swift; sourceTree = "<group>"; };
		9A531BB62841770100A15F11 /* Assets.xcassets */ = {isa = PBXFileReference; lastKnownFileType = folder.assetcatalog; path = Assets.xcassets; sourceTree = "<group>"; };
		9A531BB92841770100A15F11 /* Preview Assets.xcassets */ = {isa = PBXFileReference; lastKnownFileType = folder.assetcatalog; path = "Preview Assets.xcassets"; sourceTree = "<group>"; };
		9A531BBF2841770100A15F11 /* ExameniOSGHRLTests.xctest */ = {isa = PBXFileReference; explicitFileType = wrapper.cfbundle; includeInIndex = 0; path = ExameniOSGHRLTests.xctest; sourceTree = BUILT_PRODUCTS_DIR; };
		9A531BC32841770100A15F11 /* ExameniOSGHRLTests.swift */ = {isa = PBXFileReference; lastKnownFileType = sourcecode.swift; path = ExameniOSGHRLTests.swift; sourceTree = "<group>"; };
		9A531BC92841770100A15F11 /* ExameniOSGHRLUITests.xctest */ = {isa = PBXFileReference; explicitFileType = wrapper.cfbundle; includeInIndex = 0; path = ExameniOSGHRLUITests.xctest; sourceTree = BUILT_PRODUCTS_DIR; };
		9A531BCD2841770100A15F11 /* ExameniOSGHRLUITests.swift */ = {isa = PBXFileReference; lastKnownFileType = sourcecode.swift; path = ExameniOSGHRLUITests.swift; sourceTree = "<group>"; };
		9A531BCF2841770100A15F11 /* ExameniOSGHRLUITestsLaunchTests.swift */ = {isa = PBXFileReference; lastKnownFileType = sourcecode.swift; path = ExameniOSGHRLUITestsLaunchTests.swift; sourceTree = "<group>"; };
		9A531BDD2841776F00A15F11 /* MainTable.swift */ = {isa = PBXFileReference; lastKnownFileType = sourcecode.swift; path = MainTable.swift; sourceTree = "<group>"; };
		9A531BE0284196B600A15F11 /* MainTableViewModel.swift */ = {isa = PBXFileReference; lastKnownFileType = sourcecode.swift; path = MainTableViewModel.swift; sourceTree = "<group>"; };
		9A531BE328419C2600A15F11 /* Permissions.swift */ = {isa = PBXFileReference; lastKnownFileType = sourcecode.swift; path = Permissions.swift; sourceTree = "<group>"; };
		9A531BE62841B28800A15F11 /* GoogleService-Info.plist */ = {isa = PBXFileReference; fileEncoding = 4; lastKnownFileType = text.plist.xml; path = "GoogleService-Info.plist"; sourceTree = "<group>"; };
		A65949A51C5D3875DFE0C88B /* Pods-ExameniOSGHRL.debug.xcconfig */ = {isa = PBXFileReference; includeInIndex = 1; lastKnownFileType = text.xcconfig; name = "Pods-ExameniOSGHRL.debug.xcconfig"; path = "Target Support Files/Pods-ExameniOSGHRL/Pods-ExameniOSGHRL.debug.xcconfig"; sourceTree = "<group>"; };
		BFA07ED2B1E91BCB77FE6BC8 /* Pods_ExameniOSGHRL_ExameniOSGHRLUITests.framework */ = {isa = PBXFileReference; explicitFileType = wrapper.framework; includeInIndex = 0; path = Pods_ExameniOSGHRL_ExameniOSGHRLUITests.framework; sourceTree = BUILT_PRODUCTS_DIR; };
		E7F8E12EA2E69A74BA93E3B7 /* Pods_ExameniOSGHRL.framework */ = {isa = PBXFileReference; explicitFileType = wrapper.framework; includeInIndex = 0; path = Pods_ExameniOSGHRL.framework; sourceTree = BUILT_PRODUCTS_DIR; };
		F36EA8A42842FFEB00CBE4DC /* Extensions.swift */ = {isa = PBXFileReference; lastKnownFileType = sourcecode.swift; path = Extensions.swift; sourceTree = "<group>"; };
		F36EA8A82843011700CBE4DC /* RealTimeDatabase.swift */ = {isa = PBXFileReference; lastKnownFileType = sourcecode.swift; path = RealTimeDatabase.swift; sourceTree = "<group>"; };
		F36EA8AB284302CF00CBE4DC /* CameraManager.swift */ = {isa = PBXFileReference; lastKnownFileType = sourcecode.swift; path = CameraManager.swift; sourceTree = "<group>"; };
		F36EA8AE2843034100CBE4DC /* MainTableCells.swift */ = {isa = PBXFileReference; lastKnownFileType = sourcecode.swift; path = MainTableCells.swift; sourceTree = "<group>"; };
		F36EA8B22843604000CBE4DC /* UsersModel.swift */ = {isa = PBXFileReference; lastKnownFileType = sourcecode.swift; path = UsersModel.swift; sourceTree = "<group>"; };
		F36EA8B52843606200CBE4DC /* UsersView.swift */ = {isa = PBXFileReference; lastKnownFileType = sourcecode.swift; path = UsersView.swift; sourceTree = "<group>"; };
		F36EA8B82843608400CBE4DC /* UsersViewModel.swift */ = {isa = PBXFileReference; lastKnownFileType = sourcecode.swift; path = UsersViewModel.swift; sourceTree = "<group>"; };
		F8BEEDDE416CA94CCFED7ACB /* Pods-ExameniOSGHRL-ExameniOSGHRLUITests.release.xcconfig */ = {isa = PBXFileReference; includeInIndex = 1; lastKnownFileType = text.xcconfig; name = "Pods-ExameniOSGHRL-ExameniOSGHRLUITests.release.xcconfig"; path = "Target Support Files/Pods-ExameniOSGHRL-ExameniOSGHRLUITests/Pods-ExameniOSGHRL-ExameniOSGHRLUITests.release.xcconfig"; sourceTree = "<group>"; };
/* End PBXFileReference section */

/* Begin PBXFrameworksBuildPhase section */
		9A531BAC284176FA00A15F11 /* Frameworks */ = {
			isa = PBXFrameworksBuildPhase;
			buildActionMask = 2147483647;
			files = (
				F42859C08454FB3E2952B2E4 /* Pods_ExameniOSGHRL.framework in Frameworks */,
			);
			runOnlyForDeploymentPostprocessing = 0;
		};
		9A531BBC2841770100A15F11 /* Frameworks */ = {
			isa = PBXFrameworksBuildPhase;
			buildActionMask = 2147483647;
			files = (
				1FFA3D9C35931AB913C55680 /* Pods_ExameniOSGHRLTests.framework in Frameworks */,
			);
			runOnlyForDeploymentPostprocessing = 0;
		};
		9A531BC62841770100A15F11 /* Frameworks */ = {
			isa = PBXFrameworksBuildPhase;
			buildActionMask = 2147483647;
			files = (
				F6C5C79034AC5871558E9CEF /* Pods_ExameniOSGHRL_ExameniOSGHRLUITests.framework in Frameworks */,
			);
			runOnlyForDeploymentPostprocessing = 0;
		};
/* End PBXFrameworksBuildPhase section */

/* Begin PBXGroup section */
		9A531BA6284176FA00A15F11 = {
			isa = PBXGroup;
			children = (
				9A531BB1284176FA00A15F11 /* ExameniOSGHRL */,
				9A531BC22841770100A15F11 /* ExameniOSGHRLTests */,
				9A531BCC2841770100A15F11 /* ExameniOSGHRLUITests */,
				9A531BB0284176FA00A15F11 /* Products */,
				CCF6F20DBF2DF862432DC3BC /* Pods */,
				DB4E8ACCB1F1431E8C10F88A /* Frameworks */,
			);
			sourceTree = "<group>";
		};
		9A531BB0284176FA00A15F11 /* Products */ = {
			isa = PBXGroup;
			children = (
				9A531BAF284176FA00A15F11 /* ExameniOSGHRL.app */,
				9A531BBF2841770100A15F11 /* ExameniOSGHRLTests.xctest */,
				9A531BC92841770100A15F11 /* ExameniOSGHRLUITests.xctest */,
			);
			name = Products;
			sourceTree = "<group>";
		};
		9A531BB1284176FA00A15F11 /* ExameniOSGHRL */ = {
			isa = PBXGroup;
			children = (
				F36EA8B12843602900CBE4DC /* Users */,
				9A531BDC2841775D00A15F11 /* MainTable */,
				F36EA8A7284300C600CBE4DC /* Firebase */,
				F36EA8A32842FE7F00CBE4DC /* Utils */,
				9A531BB2284176FA00A15F11 /* ExameniOSGHRLApp.swift */,
				9A531BB4284176FA00A15F11 /* ContentView.swift */,
				9A531BE62841B28800A15F11 /* GoogleService-Info.plist */,
				9A531BB62841770100A15F11 /* Assets.xcassets */,
				9A531BB82841770100A15F11 /* Preview Content */,
				9A531BE328419C2600A15F11 /* Permissions.swift */,
			);
			path = ExameniOSGHRL;
			sourceTree = "<group>";
		};
		9A531BB82841770100A15F11 /* Preview Content */ = {
			isa = PBXGroup;
			children = (
				9A531BB92841770100A15F11 /* Preview Assets.xcassets */,
			);
			path = "Preview Content";
			sourceTree = "<group>";
		};
		9A531BC22841770100A15F11 /* ExameniOSGHRLTests */ = {
			isa = PBXGroup;
			children = (
				9A531BC32841770100A15F11 /* ExameniOSGHRLTests.swift */,
			);
			path = ExameniOSGHRLTests;
			sourceTree = "<group>";
		};
		9A531BCC2841770100A15F11 /* ExameniOSGHRLUITests */ = {
			isa = PBXGroup;
			children = (
				9A531BCD2841770100A15F11 /* ExameniOSGHRLUITests.swift */,
				9A531BCF2841770100A15F11 /* ExameniOSGHRLUITestsLaunchTests.swift */,
			);
			path = ExameniOSGHRLUITests;
			sourceTree = "<group>";
		};
		9A531BDC2841775D00A15F11 /* MainTable */ = {
			isa = PBXGroup;
			children = (
				9A531BDD2841776F00A15F11 /* MainTable.swift */,
				F36EA8AE2843034100CBE4DC /* MainTableCells.swift */,
				9A531BE0284196B600A15F11 /* MainTableViewModel.swift */,
			);
			path = MainTable;
			sourceTree = "<group>";
		};
		CCF6F20DBF2DF862432DC3BC /* Pods */ = {
			isa = PBXGroup;
			children = (
				A65949A51C5D3875DFE0C88B /* Pods-ExameniOSGHRL.debug.xcconfig */,
				777B0176582FD31B3D61CEE6 /* Pods-ExameniOSGHRL.release.xcconfig */,
				147C88085BDC20AB84070C89 /* Pods-ExameniOSGHRL-ExameniOSGHRLUITests.debug.xcconfig */,
				F8BEEDDE416CA94CCFED7ACB /* Pods-ExameniOSGHRL-ExameniOSGHRLUITests.release.xcconfig */,
				78CC134C137372914E8B78AA /* Pods-ExameniOSGHRLTests.debug.xcconfig */,
				7BBE19C05023A8B2E3BB4161 /* Pods-ExameniOSGHRLTests.release.xcconfig */,
			);
			path = Pods;
			sourceTree = "<group>";
		};
		DB4E8ACCB1F1431E8C10F88A /* Frameworks */ = {
			isa = PBXGroup;
			children = (
				E7F8E12EA2E69A74BA93E3B7 /* Pods_ExameniOSGHRL.framework */,
				BFA07ED2B1E91BCB77FE6BC8 /* Pods_ExameniOSGHRL_ExameniOSGHRLUITests.framework */,
				35B7611C685BCA89E22F7334 /* Pods_ExameniOSGHRLTests.framework */,
			);
			name = Frameworks;
			sourceTree = "<group>";
		};
		F36EA8A32842FE7F00CBE4DC /* Utils */ = {
			isa = PBXGroup;
			children = (
				F36EA8A42842FFEB00CBE4DC /* Extensions.swift */,
				F36EA8AB284302CF00CBE4DC /* CameraManager.swift */,
			);
			path = Utils;
			sourceTree = "<group>";
		};
		F36EA8A7284300C600CBE4DC /* Firebase */ = {
			isa = PBXGroup;
			children = (
				F36EA8A82843011700CBE4DC /* RealTimeDatabase.swift */,
			);
			path = Firebase;
			sourceTree = "<group>";
		};
		F36EA8B12843602900CBE4DC /* Users */ = {
			isa = PBXGroup;
			children = (
				F36EA8B52843606200CBE4DC /* UsersView.swift */,
				F36EA8B22843604000CBE4DC /* UsersModel.swift */,
				F36EA8B82843608400CBE4DC /* UsersViewModel.swift */,
			);
			path = Users;
			sourceTree = "<group>";
		};
/* End PBXGroup section */

/* Begin PBXNativeTarget section */
		9A531BAE284176FA00A15F11 /* ExameniOSGHRL */ = {
			isa = PBXNativeTarget;
			buildConfigurationList = 9A531BD32841770100A15F11 /* Build configuration list for PBXNativeTarget "ExameniOSGHRL" */;
			buildPhases = (
				B6092FB29269F4A8D7E53411 /* [CP] Check Pods Manifest.lock */,
				9A531BAB284176FA00A15F11 /* Sources */,
				9A531BAC284176FA00A15F11 /* Frameworks */,
				9A531BAD284176FA00A15F11 /* Resources */,
				2E37F1310C2D72D951F5AC87 /* [CP] Embed Pods Frameworks */,
			);
			buildRules = (
			);
			dependencies = (
			);
			name = ExameniOSGHRL;
			productName = ExameniOSGHRL;
			productReference = 9A531BAF284176FA00A15F11 /* ExameniOSGHRL.app */;
			productType = "com.apple.product-type.application";
		};
		9A531BBE2841770100A15F11 /* ExameniOSGHRLTests */ = {
			isa = PBXNativeTarget;
			buildConfigurationList = 9A531BD62841770100A15F11 /* Build configuration list for PBXNativeTarget "ExameniOSGHRLTests" */;
			buildPhases = (
				41BF6EDCD32FA7D9D1AACAE7 /* [CP] Check Pods Manifest.lock */,
				9A531BBB2841770100A15F11 /* Sources */,
				9A531BBC2841770100A15F11 /* Frameworks */,
				9A531BBD2841770100A15F11 /* Resources */,
			);
			buildRules = (
			);
			dependencies = (
				9A531BC12841770100A15F11 /* PBXTargetDependency */,
			);
			name = ExameniOSGHRLTests;
			productName = ExameniOSGHRLTests;
			productReference = 9A531BBF2841770100A15F11 /* ExameniOSGHRLTests.xctest */;
			productType = "com.apple.product-type.bundle.unit-test";
		};
		9A531BC82841770100A15F11 /* ExameniOSGHRLUITests */ = {
			isa = PBXNativeTarget;
			buildConfigurationList = 9A531BD92841770100A15F11 /* Build configuration list for PBXNativeTarget "ExameniOSGHRLUITests" */;
			buildPhases = (
				BE3C6DC8E76FFEF2338D8C81 /* [CP] Check Pods Manifest.lock */,
				9A531BC52841770100A15F11 /* Sources */,
				9A531BC62841770100A15F11 /* Frameworks */,
				9A531BC72841770100A15F11 /* Resources */,
				5F74470942CD5D031AFA21F3 /* [CP] Embed Pods Frameworks */,
			);
			buildRules = (
			);
			dependencies = (
				9A531BCB2841770100A15F11 /* PBXTargetDependency */,
			);
			name = ExameniOSGHRLUITests;
			productName = ExameniOSGHRLUITests;
			productReference = 9A531BC92841770100A15F11 /* ExameniOSGHRLUITests.xctest */;
			productType = "com.apple.product-type.bundle.ui-testing";
		};
/* End PBXNativeTarget section */

/* Begin PBXProject section */
		9A531BA7284176FA00A15F11 /* Project object */ = {
			isa = PBXProject;
			attributes = {
				BuildIndependentTargetsInParallel = 1;
				LastSwiftUpdateCheck = 1330;
				LastUpgradeCheck = 1330;
				TargetAttributes = {
					9A531BAE284176FA00A15F11 = {
						CreatedOnToolsVersion = 13.3;
					};
					9A531BBE2841770100A15F11 = {
						CreatedOnToolsVersion = 13.3;
						TestTargetID = 9A531BAE284176FA00A15F11;
					};
					9A531BC82841770100A15F11 = {
						CreatedOnToolsVersion = 13.3;
						TestTargetID = 9A531BAE284176FA00A15F11;
					};
				};
			};
			buildConfigurationList = 9A531BAA284176FA00A15F11 /* Build configuration list for PBXProject "ExameniOSGHRL" */;
			compatibilityVersion = "Xcode 13.0";
			developmentRegion = en;
			hasScannedForEncodings = 0;
			knownRegions = (
				en,
				Base,
			);
			mainGroup = 9A531BA6284176FA00A15F11;
			productRefGroup = 9A531BB0284176FA00A15F11 /* Products */;
			projectDirPath = "";
			projectRoot = "";
			targets = (
				9A531BAE284176FA00A15F11 /* ExameniOSGHRL */,
				9A531BBE2841770100A15F11 /* ExameniOSGHRLTests */,
				9A531BC82841770100A15F11 /* ExameniOSGHRLUITests */,
			);
		};
/* End PBXProject section */

/* Begin PBXResourcesBuildPhase section */
		9A531BAD284176FA00A15F11 /* Resources */ = {
			isa = PBXResourcesBuildPhase;
			buildActionMask = 2147483647;
			files = (
				9A531BBA2841770100A15F11 /* Preview Assets.xcassets in Resources */,
				9A531BE72841B28800A15F11 /* GoogleService-Info.plist in Resources */,
				9A531BB72841770100A15F11 /* Assets.xcassets in Resources */,
			);
			runOnlyForDeploymentPostprocessing = 0;
		};
		9A531BBD2841770100A15F11 /* Resources */ = {
			isa = PBXResourcesBuildPhase;
			buildActionMask = 2147483647;
			files = (
			);
			runOnlyForDeploymentPostprocessing = 0;
		};
		9A531BC72841770100A15F11 /* Resources */ = {
			isa = PBXResourcesBuildPhase;
			buildActionMask = 2147483647;
			files = (
			);
			runOnlyForDeploymentPostprocessing = 0;
		};
/* End PBXResourcesBuildPhase section */

/* Begin PBXShellScriptBuildPhase section */
		2E37F1310C2D72D951F5AC87 /* [CP] Embed Pods Frameworks */ = {
			isa = PBXShellScriptBuildPhase;
			buildActionMask = 2147483647;
			files = (
			);
			inputFileListPaths = (
				"${PODS_ROOT}/Target Support Files/Pods-ExameniOSGHRL/Pods-ExameniOSGHRL-frameworks-${CONFIGURATION}-input-files.xcfilelist",
			);
			name = "[CP] Embed Pods Frameworks";
			outputFileListPaths = (
				"${PODS_ROOT}/Target Support Files/Pods-ExameniOSGHRL/Pods-ExameniOSGHRL-frameworks-${CONFIGURATION}-output-files.xcfilelist",
			);
			runOnlyForDeploymentPostprocessing = 0;
			shellPath = /bin/sh;
			shellScript = "\"${PODS_ROOT}/Target Support Files/Pods-ExameniOSGHRL/Pods-ExameniOSGHRL-frameworks.sh\"\n";
			showEnvVarsInLog = 0;
		};
		41BF6EDCD32FA7D9D1AACAE7 /* [CP] Check Pods Manifest.lock */ = {
			isa = PBXShellScriptBuildPhase;
			buildActionMask = 2147483647;
			files = (
			);
			inputFileListPaths = (
			);
			inputPaths = (
				"${PODS_PODFILE_DIR_PATH}/Podfile.lock",
				"${PODS_ROOT}/Manifest.lock",
			);
			name = "[CP] Check Pods Manifest.lock";
			outputFileListPaths = (
			);
			outputPaths = (
				"$(DERIVED_FILE_DIR)/Pods-ExameniOSGHRLTests-checkManifestLockResult.txt",
			);
			runOnlyForDeploymentPostprocessing = 0;
			shellPath = /bin/sh;
			shellScript = "diff \"${PODS_PODFILE_DIR_PATH}/Podfile.lock\" \"${PODS_ROOT}/Manifest.lock\" > /dev/null\nif [ $? != 0 ] ; then\n    # print error to STDERR\n    echo \"error: The sandbox is not in sync with the Podfile.lock. Run 'pod install' or update your CocoaPods installation.\" >&2\n    exit 1\nfi\n# This output is used by Xcode 'outputs' to avoid re-running this script phase.\necho \"SUCCESS\" > \"${SCRIPT_OUTPUT_FILE_0}\"\n";
			showEnvVarsInLog = 0;
		};
		5F74470942CD5D031AFA21F3 /* [CP] Embed Pods Frameworks */ = {
			isa = PBXShellScriptBuildPhase;
			buildActionMask = 2147483647;
			files = (
			);
			inputFileListPaths = (
				"${PODS_ROOT}/Target Support Files/Pods-ExameniOSGHRL-ExameniOSGHRLUITests/Pods-ExameniOSGHRL-ExameniOSGHRLUITests-frameworks-${CONFIGURATION}-input-files.xcfilelist",
			);
			name = "[CP] Embed Pods Frameworks";
			outputFileListPaths = (
				"${PODS_ROOT}/Target Support Files/Pods-ExameniOSGHRL-ExameniOSGHRLUITests/Pods-ExameniOSGHRL-ExameniOSGHRLUITests-frameworks-${CONFIGURATION}-output-files.xcfilelist",
			);
			runOnlyForDeploymentPostprocessing = 0;
			shellPath = /bin/sh;
			shellScript = "\"${PODS_ROOT}/Target Support Files/Pods-ExameniOSGHRL-ExameniOSGHRLUITests/Pods-ExameniOSGHRL-ExameniOSGHRLUITests-frameworks.sh\"\n";
			showEnvVarsInLog = 0;
		};
		B6092FB29269F4A8D7E53411 /* [CP] Check Pods Manifest.lock */ = {
			isa = PBXShellScriptBuildPhase;
			buildActionMask = 2147483647;
			files = (
			);
			inputFileListPaths = (
			);
			inputPaths = (
				"${PODS_PODFILE_DIR_PATH}/Podfile.lock",
				"${PODS_ROOT}/Manifest.lock",
			);
			name = "[CP] Check Pods Manifest.lock";
			outputFileListPaths = (
			);
			outputPaths = (
				"$(DERIVED_FILE_DIR)/Pods-ExameniOSGHRL-checkManifestLockResult.txt",
			);
			runOnlyForDeploymentPostprocessing = 0;
			shellPath = /bin/sh;
			shellScript = "diff \"${PODS_PODFILE_DIR_PATH}/Podfile.lock\" \"${PODS_ROOT}/Manifest.lock\" > /dev/null\nif [ $? != 0 ] ; then\n    # print error to STDERR\n    echo \"error: The sandbox is not in sync with the Podfile.lock. Run 'pod install' or update your CocoaPods installation.\" >&2\n    exit 1\nfi\n# This output is used by Xcode 'outputs' to avoid re-running this script phase.\necho \"SUCCESS\" > \"${SCRIPT_OUTPUT_FILE_0}\"\n";
			showEnvVarsInLog = 0;
		};
		BE3C6DC8E76FFEF2338D8C81 /* [CP] Check Pods Manifest.lock */ = {
			isa = PBXShellScriptBuildPhase;
			buildActionMask = 2147483647;
			files = (
			);
			inputFileListPaths = (
			);
			inputPaths = (
				"${PODS_PODFILE_DIR_PATH}/Podfile.lock",
				"${PODS_ROOT}/Manifest.lock",
			);
			name = "[CP] Check Pods Manifest.lock";
			outputFileListPaths = (
			);
			outputPaths = (
				"$(DERIVED_FILE_DIR)/Pods-ExameniOSGHRL-ExameniOSGHRLUITests-checkManifestLockResult.txt",
			);
			runOnlyForDeploymentPostprocessing = 0;
			shellPath = /bin/sh;
			shellScript = "diff \"${PODS_PODFILE_DIR_PATH}/Podfile.lock\" \"${PODS_ROOT}/Manifest.lock\" > /dev/null\nif [ $? != 0 ] ; then\n    # print error to STDERR\n    echo \"error: The sandbox is not in sync with the Podfile.lock. Run 'pod install' or update your CocoaPods installation.\" >&2\n    exit 1\nfi\n# This output is used by Xcode 'outputs' to avoid re-running this script phase.\necho \"SUCCESS\" > \"${SCRIPT_OUTPUT_FILE_0}\"\n";
			showEnvVarsInLog = 0;
		};
/* End PBXShellScriptBuildPhase section */

/* Begin PBXSourcesBuildPhase section */
		9A531BAB284176FA00A15F11 /* Sources */ = {
			isa = PBXSourcesBuildPhase;
			buildActionMask = 2147483647;
			files = (
				F36EA8AF2843034100CBE4DC /* MainTableCells.swift in Sources */,
				F36EA8B92843608400CBE4DC /* UsersViewModel.swift in Sources */,
				9A531BE428419C2600A15F11 /* Permissions.swift in Sources */,
				F36EA8B62843606200CBE4DC /* UsersView.swift in Sources */,
				F36EA8A52842FFEB00CBE4DC /* Extensions.swift in Sources */,
				F36EA8AC284302CF00CBE4DC /* CameraManager.swift in Sources */,
				9A531BE1284196B600A15F11 /* MainTableViewModel.swift in Sources */,
				9A531BB5284176FA00A15F11 /* ContentView.swift in Sources */,
				9A531BB3284176FA00A15F11 /* ExameniOSGHRLApp.swift in Sources */,
				9A531BDE2841776F00A15F11 /* MainTable.swift in Sources */,
				F36EA8B32843604000CBE4DC /* UsersModel.swift in Sources */,
				F36EA8A92843011700CBE4DC /* RealTimeDatabase.swift in Sources */,
			);
			runOnlyForDeploymentPostprocessing = 0;
		};
		9A531BBB2841770100A15F11 /* Sources */ = {
			isa = PBXSourcesBuildPhase;
			buildActionMask = 2147483647;
			files = (
				F36EA8BA2843608400CBE4DC /* UsersViewModel.swift in Sources */,
				F36EA8A62842FFEB00CBE4DC /* Extensions.swift in Sources */,
				F36EA8AD284302CF00CBE4DC /* CameraManager.swift in Sources */,
				9A531BE528419C2600A15F11 /* Permissions.swift in Sources */,
				9A531BDF2841776F00A15F11 /* MainTable.swift in Sources */,
				F36EA8B72843606200CBE4DC /* UsersView.swift in Sources */,
				9A531BE2284196B600A15F11 /* MainTableViewModel.swift in Sources */,
				9A531BC42841770100A15F11 /* ExameniOSGHRLTests.swift in Sources */,
				F36EA8AA2843011700CBE4DC /* RealTimeDatabase.swift in Sources */,
				F36EA8B02843034100CBE4DC /* MainTableCells.swift in Sources */,
				F36EA8B42843604000CBE4DC /* UsersModel.swift in Sources */,
			);
			runOnlyForDeploymentPostprocessing = 0;
		};
		9A531BC52841770100A15F11 /* Sources */ = {
			isa = PBXSourcesBuildPhase;
			buildActionMask = 2147483647;
			files = (
				9A531BCE2841770100A15F11 /* ExameniOSGHRLUITests.swift in Sources */,
				9A531BD02841770100A15F11 /* ExameniOSGHRLUITestsLaunchTests.swift in Sources */,
			);
			runOnlyForDeploymentPostprocessing = 0;
		};
/* End PBXSourcesBuildPhase section */

/* Begin PBXTargetDependency section */
		9A531BC12841770100A15F11 /* PBXTargetDependency */ = {
			isa = PBXTargetDependency;
			target = 9A531BAE284176FA00A15F11 /* ExameniOSGHRL */;
			targetProxy = 9A531BC02841770100A15F11 /* PBXContainerItemProxy */;
		};
		9A531BCB2841770100A15F11 /* PBXTargetDependency */ = {
			isa = PBXTargetDependency;
			target = 9A531BAE284176FA00A15F11 /* ExameniOSGHRL */;
			targetProxy = 9A531BCA2841770100A15F11 /* PBXContainerItemProxy */;
		};
/* End PBXTargetDependency section */

/* Begin XCBuildConfiguration section */
		9A531BD12841770100A15F11 /* Debug */ = {
			isa = XCBuildConfiguration;
			buildSettings = {
				ALWAYS_SEARCH_USER_PATHS = NO;
				CLANG_ANALYZER_NONNULL = YES;
				CLANG_ANALYZER_NUMBER_OBJECT_CONVERSION = YES_AGGRESSIVE;
				CLANG_CXX_LANGUAGE_STANDARD = "gnu++17";
				CLANG_ENABLE_MODULES = YES;
				CLANG_ENABLE_OBJC_ARC = YES;
				CLANG_ENABLE_OBJC_WEAK = YES;
				CLANG_WARN_BLOCK_CAPTURE_AUTORELEASING = YES;
				CLANG_WARN_BOOL_CONVERSION = YES;
				CLANG_WARN_COMMA = YES;
				CLANG_WARN_CONSTANT_CONVERSION = YES;
				CLANG_WARN_DEPRECATED_OBJC_IMPLEMENTATIONS = YES;
				CLANG_WARN_DIRECT_OBJC_ISA_USAGE = YES_ERROR;
				CLANG_WARN_DOCUMENTATION_COMMENTS = YES;
				CLANG_WARN_EMPTY_BODY = YES;
				CLANG_WARN_ENUM_CONVERSION = YES;
				CLANG_WARN_INFINITE_RECURSION = YES;
				CLANG_WARN_INT_CONVERSION = YES;
				CLANG_WARN_NON_LITERAL_NULL_CONVERSION = YES;
				CLANG_WARN_OBJC_IMPLICIT_RETAIN_SELF = YES;
				CLANG_WARN_OBJC_LITERAL_CONVERSION = YES;
				CLANG_WARN_OBJC_ROOT_CLASS = YES_ERROR;
				CLANG_WARN_QUOTED_INCLUDE_IN_FRAMEWORK_HEADER = YES;
				CLANG_WARN_RANGE_LOOP_ANALYSIS = YES;
				CLANG_WARN_STRICT_PROTOTYPES = YES;
				CLANG_WARN_SUSPICIOUS_MOVE = YES;
				CLANG_WARN_UNGUARDED_AVAILABILITY = YES_AGGRESSIVE;
				CLANG_WARN_UNREACHABLE_CODE = YES;
				CLANG_WARN__DUPLICATE_METHOD_MATCH = YES;
				COPY_PHASE_STRIP = NO;
				DEBUG_INFORMATION_FORMAT = dwarf;
				ENABLE_STRICT_OBJC_MSGSEND = YES;
				ENABLE_TESTABILITY = YES;
				GCC_C_LANGUAGE_STANDARD = gnu11;
				GCC_DYNAMIC_NO_PIC = NO;
				GCC_NO_COMMON_BLOCKS = YES;
				GCC_OPTIMIZATION_LEVEL = 0;
				GCC_PREPROCESSOR_DEFINITIONS = (
					"DEBUG=1",
					"$(inherited)",
				);
				GCC_WARN_64_TO_32_BIT_CONVERSION = YES;
				GCC_WARN_ABOUT_RETURN_TYPE = YES_ERROR;
				GCC_WARN_UNDECLARED_SELECTOR = YES;
				GCC_WARN_UNINITIALIZED_AUTOS = YES_AGGRESSIVE;
				GCC_WARN_UNUSED_FUNCTION = YES;
				GCC_WARN_UNUSED_VARIABLE = YES;
				IPHONEOS_DEPLOYMENT_TARGET = 15.4;
				MTL_ENABLE_DEBUG_INFO = INCLUDE_SOURCE;
				MTL_FAST_MATH = YES;
				ONLY_ACTIVE_ARCH = YES;
				SDKROOT = iphoneos;
				SWIFT_ACTIVE_COMPILATION_CONDITIONS = DEBUG;
				SWIFT_OPTIMIZATION_LEVEL = "-Onone";
			};
			name = Debug;
		};
		9A531BD22841770100A15F11 /* Release */ = {
			isa = XCBuildConfiguration;
			buildSettings = {
				ALWAYS_SEARCH_USER_PATHS = NO;
				CLANG_ANALYZER_NONNULL = YES;
				CLANG_ANALYZER_NUMBER_OBJECT_CONVERSION = YES_AGGRESSIVE;
				CLANG_CXX_LANGUAGE_STANDARD = "gnu++17";
				CLANG_ENABLE_MODULES = YES;
				CLANG_ENABLE_OBJC_ARC = YES;
				CLANG_ENABLE_OBJC_WEAK = YES;
				CLANG_WARN_BLOCK_CAPTURE_AUTORELEASING = YES;
				CLANG_WARN_BOOL_CONVERSION = YES;
				CLANG_WARN_COMMA = YES;
				CLANG_WARN_CONSTANT_CONVERSION = YES;
				CLANG_WARN_DEPRECATED_OBJC_IMPLEMENTATIONS = YES;
				CLANG_WARN_DIRECT_OBJC_ISA_USAGE = YES_ERROR;
				CLANG_WARN_DOCUMENTATION_COMMENTS = YES;
				CLANG_WARN_EMPTY_BODY = YES;
				CLANG_WARN_ENUM_CONVERSION = YES;
				CLANG_WARN_INFINITE_RECURSION = YES;
				CLANG_WARN_INT_CONVERSION = YES;
				CLANG_WARN_NON_LITERAL_NULL_CONVERSION = YES;
				CLANG_WARN_OBJC_IMPLICIT_RETAIN_SELF = YES;
				CLANG_WARN_OBJC_LITERAL_CONVERSION = YES;
				CLANG_WARN_OBJC_ROOT_CLASS = YES_ERROR;
				CLANG_WARN_QUOTED_INCLUDE_IN_FRAMEWORK_HEADER = YES;
				CLANG_WARN_RANGE_LOOP_ANALYSIS = YES;
				CLANG_WARN_STRICT_PROTOTYPES = YES;
				CLANG_WARN_SUSPICIOUS_MOVE = YES;
				CLANG_WARN_UNGUARDED_AVAILABILITY = YES_AGGRESSIVE;
				CLANG_WARN_UNREACHABLE_CODE = YES;
				CLANG_WARN__DUPLICATE_METHOD_MATCH = YES;
				COPY_PHASE_STRIP = NO;
				DEBUG_INFORMATION_FORMAT = "dwarf-with-dsym";
				ENABLE_NS_ASSERTIONS = NO;
				ENABLE_STRICT_OBJC_MSGSEND = YES;
				GCC_C_LANGUAGE_STANDARD = gnu11;
				GCC_NO_COMMON_BLOCKS = YES;
				GCC_WARN_64_TO_32_BIT_CONVERSION = YES;
				GCC_WARN_ABOUT_RETURN_TYPE = YES_ERROR;
				GCC_WARN_UNDECLARED_SELECTOR = YES;
				GCC_WARN_UNINITIALIZED_AUTOS = YES_AGGRESSIVE;
				GCC_WARN_UNUSED_FUNCTION = YES;
				GCC_WARN_UNUSED_VARIABLE = YES;
				IPHONEOS_DEPLOYMENT_TARGET = 15.4;
				MTL_ENABLE_DEBUG_INFO = NO;
				MTL_FAST_MATH = YES;
				SDKROOT = iphoneos;
				SWIFT_COMPILATION_MODE = wholemodule;
				SWIFT_OPTIMIZATION_LEVEL = "-O";
				VALIDATE_PRODUCT = YES;
			};
			name = Release;
		};
		9A531BD42841770100A15F11 /* Debug */ = {
			isa = XCBuildConfiguration;
			baseConfigurationReference = A65949A51C5D3875DFE0C88B /* Pods-ExameniOSGHRL.debug.xcconfig */;
			buildSettings = {
				ASSETCATALOG_COMPILER_APPICON_NAME = AppIcon;
				ASSETCATALOG_COMPILER_GLOBAL_ACCENT_COLOR_NAME = AccentColor;
				CODE_SIGN_STYLE = Automatic;
				CURRENT_PROJECT_VERSION = 1;
				DEVELOPMENT_ASSET_PATHS = "\"ExameniOSGHRL/Preview Content\"";
				DEVELOPMENT_TEAM = 7CVJG9N28A;
				ENABLE_PREVIEWS = YES;
				GENERATE_INFOPLIST_FILE = YES;
				INFOPLIST_KEY_NSCameraUsageDescription = "Necesitamos acceder a tu camara";
				INFOPLIST_KEY_UIApplicationSceneManifest_Generation = YES;
				INFOPLIST_KEY_UIApplicationSupportsIndirectInputEvents = YES;
				INFOPLIST_KEY_UILaunchScreen_Generation = YES;
				INFOPLIST_KEY_UISupportedInterfaceOrientations = UIInterfaceOrientationPortrait;
				INFOPLIST_KEY_UISupportedInterfaceOrientations_iPad = "UIInterfaceOrientationPortrait UIInterfaceOrientationPortraitUpsideDown UIInterfaceOrientationLandscapeLeft UIInterfaceOrientationLandscapeRight";
				INFOPLIST_KEY_UISupportedInterfaceOrientations_iPhone = "UIInterfaceOrientationPortrait UIInterfaceOrientationLandscapeLeft UIInterfaceOrientationLandscapeRight";
				IPHONEOS_DEPLOYMENT_TARGET = 14.5;
				LD_RUNPATH_SEARCH_PATHS = (
					"$(inherited)",
					"@executable_path/Frameworks",
				);
				MARKETING_VERSION = 1.0;
				PRODUCT_BUNDLE_IDENTIFIER = com.roddev.ExameniOSGHRL;
				PRODUCT_NAME = "$(TARGET_NAME)";
				SWIFT_EMIT_LOC_STRINGS = YES;
				SWIFT_VERSION = 5.0;
				TARGETED_DEVICE_FAMILY = "1,2";
			};
			name = Debug;
		};
		9A531BD52841770100A15F11 /* Release */ = {
			isa = XCBuildConfiguration;
			baseConfigurationReference = 777B0176582FD31B3D61CEE6 /* Pods-ExameniOSGHRL.release.xcconfig */;
			buildSettings = {
				ASSETCATALOG_COMPILER_APPICON_NAME = AppIcon;
				ASSETCATALOG_COMPILER_GLOBAL_ACCENT_COLOR_NAME = AccentColor;
				CODE_SIGN_STYLE = Automatic;
				CURRENT_PROJECT_VERSION = 1;
				DEVELOPMENT_ASSET_PATHS = "\"ExameniOSGHRL/Preview Content\"";
				DEVELOPMENT_TEAM = 95JTF66G4Z;
				ENABLE_PREVIEWS = YES;
				GENERATE_INFOPLIST_FILE = YES;
				INFOPLIST_KEY_NSCameraUsageDescription = "Necesitamos acceder a tu camara";
				INFOPLIST_KEY_UIApplicationSceneManifest_Generation = YES;
				INFOPLIST_KEY_UIApplicationSupportsIndirectInputEvents = YES;
				INFOPLIST_KEY_UILaunchScreen_Generation = YES;
				INFOPLIST_KEY_UISupportedInterfaceOrientations = UIInterfaceOrientationPortrait;
				INFOPLIST_KEY_UISupportedInterfaceOrientations_iPad = "UIInterfaceOrientationPortrait UIInterfaceOrientationPortraitUpsideDown UIInterfaceOrientationLandscapeLeft UIInterfaceOrientationLandscapeRight";
				INFOPLIST_KEY_UISupportedInterfaceOrientations_iPhone = "UIInterfaceOrientationPortrait UIInterfaceOrientationLandscapeLeft UIInterfaceOrientationLandscapeRight";
				IPHONEOS_DEPLOYMENT_TARGET = 14.5;
				LD_RUNPATH_SEARCH_PATHS = (
					"$(inherited)",
					"@executable_path/Frameworks",
				);
				MARKETING_VERSION = 1.0;
				PRODUCT_BUNDLE_IDENTIFIER = com.roddev.ExameniOSGHRL;
				PRODUCT_NAME = "$(TARGET_NAME)";
				SWIFT_EMIT_LOC_STRINGS = YES;
				SWIFT_VERSION = 5.0;
				TARGETED_DEVICE_FAMILY = "1,2";
			};
			name = Release;
		};
		9A531BD72841770100A15F11 /* Debug */ = {
			isa = XCBuildConfiguration;
			baseConfigurationReference = 78CC134C137372914E8B78AA /* Pods-ExameniOSGHRLTests.debug.xcconfig */;
			buildSettings = {
				ALWAYS_EMBED_SWIFT_STANDARD_LIBRARIES = YES;
				BUNDLE_LOADER = "$(TEST_HOST)";
				CODE_SIGN_STYLE = Automatic;
				CURRENT_PROJECT_VERSION = 1;
				DEVELOPMENT_TEAM = T3DG84Z3P2;
				GENERATE_INFOPLIST_FILE = YES;
				IPHONEOS_DEPLOYMENT_TARGET = 15.4;
				MARKETING_VERSION = 1.0;
				PRODUCT_BUNDLE_IDENTIFIER = com.roddev.ExameniOSGHRLTests;
				PRODUCT_NAME = "$(TARGET_NAME)";
				SWIFT_EMIT_LOC_STRINGS = NO;
				SWIFT_VERSION = 5.0;
				TARGETED_DEVICE_FAMILY = "1,2";
				TEST_HOST = "$(BUILT_PRODUCTS_DIR)/ExameniOSGHRL.app/ExameniOSGHRL";
			};
			name = Debug;
		};
		9A531BD82841770100A15F11 /* Release */ = {
			isa = XCBuildConfiguration;
			baseConfigurationReference = 7BBE19C05023A8B2E3BB4161 /* Pods-ExameniOSGHRLTests.release.xcconfig */;
			buildSettings = {
				ALWAYS_EMBED_SWIFT_STANDARD_LIBRARIES = YES;
				BUNDLE_LOADER = "$(TEST_HOST)";
				CODE_SIGN_STYLE = Automatic;
				CURRENT_PROJECT_VERSION = 1;
				DEVELOPMENT_TEAM = T3DG84Z3P2;
				GENERATE_INFOPLIST_FILE = YES;
				IPHONEOS_DEPLOYMENT_TARGET = 15.4;
				MARKETING_VERSION = 1.0;
				PRODUCT_BUNDLE_IDENTIFIER = com.roddev.ExameniOSGHRLTests;
				PRODUCT_NAME = "$(TARGET_NAME)";
				SWIFT_EMIT_LOC_STRINGS = NO;
				SWIFT_VERSION = 5.0;
				TARGETED_DEVICE_FAMILY = "1,2";
				TEST_HOST = "$(BUILT_PRODUCTS_DIR)/ExameniOSGHRL.app/ExameniOSGHRL";
			};
			name = Release;
		};
		9A531BDA2841770100A15F11 /* Debug */ = {
			isa = XCBuildConfiguration;
			baseConfigurationReference = 147C88085BDC20AB84070C89 /* Pods-ExameniOSGHRL-ExameniOSGHRLUITests.debug.xcconfig */;
			buildSettings = {
				ALWAYS_EMBED_SWIFT_STANDARD_LIBRARIES = YES;
				CODE_SIGN_STYLE = Automatic;
				CURRENT_PROJECT_VERSION = 1;
				DEVELOPMENT_TEAM = T3DG84Z3P2;
				GENERATE_INFOPLIST_FILE = YES;
				MARKETING_VERSION = 1.0;
				PRODUCT_BUNDLE_IDENTIFIER = com.roddev.ExameniOSGHRLUITests;
				PRODUCT_NAME = "$(TARGET_NAME)";
				SWIFT_EMIT_LOC_STRINGS = NO;
				SWIFT_VERSION = 5.0;
				TARGETED_DEVICE_FAMILY = "1,2";
				TEST_TARGET_NAME = ExameniOSGHRL;
			};
			name = Debug;
		};
		9A531BDB2841770100A15F11 /* Release */ = {
			isa = XCBuildConfiguration;
			baseConfigurationReference = F8BEEDDE416CA94CCFED7ACB /* Pods-ExameniOSGHRL-ExameniOSGHRLUITests.release.xcconfig */;
			buildSettings = {
				ALWAYS_EMBED_SWIFT_STANDARD_LIBRARIES = YES;
				CODE_SIGN_STYLE = Automatic;
				CURRENT_PROJECT_VERSION = 1;
				DEVELOPMENT_TEAM = T3DG84Z3P2;
				GENERATE_INFOPLIST_FILE = YES;
				MARKETING_VERSION = 1.0;
				PRODUCT_BUNDLE_IDENTIFIER = com.roddev.ExameniOSGHRLUITests;
				PRODUCT_NAME = "$(TARGET_NAME)";
				SWIFT_EMIT_LOC_STRINGS = NO;
				SWIFT_VERSION = 5.0;
				TARGETED_DEVICE_FAMILY = "1,2";
				TEST_TARGET_NAME = ExameniOSGHRL;
			};
			name = Release;
		};
/* End XCBuildConfiguration section */

/* Begin XCConfigurationList section */
		9A531BAA284176FA00A15F11 /* Build configuration list for PBXProject "ExameniOSGHRL" */ = {
			isa = XCConfigurationList;
			buildConfigurations = (
				9A531BD12841770100A15F11 /* Debug */,
				9A531BD22841770100A15F11 /* Release */,
			);
			defaultConfigurationIsVisible = 0;
			defaultConfigurationName = Release;
		};
		9A531BD32841770100A15F11 /* Build configuration list for PBXNativeTarget "ExameniOSGHRL" */ = {
			isa = XCConfigurationList;
			buildConfigurations = (
				9A531BD42841770100A15F11 /* Debug */,
				9A531BD52841770100A15F11 /* Release */,
			);
			defaultConfigurationIsVisible = 0;
			defaultConfigurationName = Release;
		};
		9A531BD62841770100A15F11 /* Build configuration list for PBXNativeTarget "ExameniOSGHRLTests" */ = {
			isa = XCConfigurationList;
			buildConfigurations = (
				9A531BD72841770100A15F11 /* Debug */,
				9A531BD82841770100A15F11 /* Release */,
			);
			defaultConfigurationIsVisible = 0;
			defaultConfigurationName = Release;
		};
		9A531BD92841770100A15F11 /* Build configuration list for PBXNativeTarget "ExameniOSGHRLUITests" */ = {
			isa = XCConfigurationList;
			buildConfigurations = (
				9A531BDA2841770100A15F11 /* Debug */,
				9A531BDB2841770100A15F11 /* Release */,
			);
			defaultConfigurationIsVisible = 0;
			defaultConfigurationName = Release;
		};
/* End XCConfigurationList section */
	};
	rootObject = 9A531BA7284176FA00A15F11 /* Project object */;
}
